
Microsoft Visual Studio Solution File, Format Version 12.00
# Visual Studio Version 17
VisualStudioVersion = 17.5.33627.172
MinimumVisualStudioVersion = 10.0.40219.1
Project("{FAE04EC0-301F-11D3-BF4B-00C04F79EFBC}") = "InterfaceJikken", "InterfaceJikken\InterfaceJikken.csproj", "{9F627F43-F6E5-4345-BA13-D1FFA7A021B6}"
EndProject
Global
	GlobalSection(SolutionConfigurationPlatforms) = preSolution
		Debug|Any CPU = Debug|Any CPU
		Release|Any CPU = Release|Any CPU
	EndGlobalSection
	GlobalSection(ProjectConfigurationPlatforms) = postSolution
		{9F627F43-F6E5-4345-BA13-D1FFA7A021B6}.Debug|Any CPU.ActiveCfg = Debug|Any CPU
		{9F627F43-F6E5-4345-BA13-D1FFA7A021B6}.Debug|Any CPU.Build.0 = Debug|Any CPU
		{9F627F43-F6E5-4345-BA13-D1FFA7A021B6}.Release|Any CPU.ActiveCfg = Release|Any CPU
		{9F627F43-F6E5-4345-BA13-D1FFA7A021B6}.Release|Any CPU.Build.0 = Release|Any CPU
	EndGlobalSection
	GlobalSection(SolutionProperties) = preSolution
		HideSolutionNode = FALSE
	EndGlobalSection
	GlobalSection(ExtensibilityGlobals) = postSolution
		SolutionGuid = {0A6CD9A6-25BD-4EA8-975A-1B275046997D}
	EndGlobalSection
EndGlobal
